
Microsoft Visual Studio Solution File, Format Version 12.00
# Visual Studio Version 17
VisualStudioVersion = 17.3.32825.248
MinimumVisualStudioVersion = 10.0.40219.1
Project("{9A19103F-16F7-4668-BE54-9A1E7A4F7556}") = "HealthMonitoring", "HealthMonitoring\HealthMonitoring.csproj", "{9533CDC0-3A72-4176-91DD-F2BD7BEFE796}"
EndProject
Project("{2150E333-8FDC-42A3-9474-1A3956D46DE8}") = "1. UI", "1. UI", "{A8358C4B-1ABA-445A-B2FE-0D03FC9AD70A}"
EndProject
Project("{2150E333-8FDC-42A3-9474-1A3956D46DE8}") = "2. Application", "2. Application", "{9D07887F-56C5-48B9-9FDA-1FB19DA96CBE}"
EndProject
Project("{2150E333-8FDC-42A3-9474-1A3956D46DE8}") = "3. Data", "3. Data", "{6165EAC8-F5A9-411C-8908-6BD30BC05CFE}"
EndProject
Project("{FAE04EC0-301F-11D3-BF4B-00C04F79EFBC}") = "APIHM", "APIHM\APIHM.csproj", "{5AECF7EC-E79B-482D-AE90-E5B061429E2E}"
EndProject
Project("{FAE04EC0-301F-11D3-BF4B-00C04F79EFBC}") = "Repository", "Repository\Repository.csproj", "{B9C040DC-BA84-4D51-BFD9-023F09557D4B}"
EndProject
Project("{FAE04EC0-301F-11D3-BF4B-00C04F79EFBC}") = "Common", "Common\Common.csproj", "{0381884D-37AD-4871-92C8-9B521D65779A}"
EndProject
Project("{2150E333-8FDC-42A3-9474-1A3956D46DE8}") = "Criptografia", "Criptografia", "{BC4A8CB2-975C-46DE-B23D-26F6B36EF459}"
	ProjectSection(SolutionItems) = preProject
		Criptografia.cs = Criptografia.cs
	EndProjectSection
EndProject
Global
	GlobalSection(SolutionConfigurationPlatforms) = preSolution
		Debug|Any CPU = Debug|Any CPU
		Release|Any CPU = Release|Any CPU
	EndGlobalSection
	GlobalSection(ProjectConfigurationPlatforms) = postSolution
		{9533CDC0-3A72-4176-91DD-F2BD7BEFE796}.Debug|Any CPU.ActiveCfg = Debug|Any CPU
		{9533CDC0-3A72-4176-91DD-F2BD7BEFE796}.Debug|Any CPU.Build.0 = Debug|Any CPU
		{9533CDC0-3A72-4176-91DD-F2BD7BEFE796}.Release|Any CPU.ActiveCfg = Release|Any CPU
		{9533CDC0-3A72-4176-91DD-F2BD7BEFE796}.Release|Any CPU.Build.0 = Release|Any CPU
		{5AECF7EC-E79B-482D-AE90-E5B061429E2E}.Debug|Any CPU.ActiveCfg = Debug|Any CPU
		{5AECF7EC-E79B-482D-AE90-E5B061429E2E}.Debug|Any CPU.Build.0 = Debug|Any CPU
		{5AECF7EC-E79B-482D-AE90-E5B061429E2E}.Release|Any CPU.ActiveCfg = Release|Any CPU
		{5AECF7EC-E79B-482D-AE90-E5B061429E2E}.Release|Any CPU.Build.0 = Release|Any CPU
		{B9C040DC-BA84-4D51-BFD9-023F09557D4B}.Debug|Any CPU.ActiveCfg = Debug|Any CPU
		{B9C040DC-BA84-4D51-BFD9-023F09557D4B}.Debug|Any CPU.Build.0 = Debug|Any CPU
		{B9C040DC-BA84-4D51-BFD9-023F09557D4B}.Release|Any CPU.ActiveCfg = Release|Any CPU
		{B9C040DC-BA84-4D51-BFD9-023F09557D4B}.Release|Any CPU.Build.0 = Release|Any CPU
		{0381884D-37AD-4871-92C8-9B521D65779A}.Debug|Any CPU.ActiveCfg = Debug|Any CPU
		{0381884D-37AD-4871-92C8-9B521D65779A}.Debug|Any CPU.Build.0 = Debug|Any CPU
		{0381884D-37AD-4871-92C8-9B521D65779A}.Release|Any CPU.ActiveCfg = Release|Any CPU
		{0381884D-37AD-4871-92C8-9B521D65779A}.Release|Any CPU.Build.0 = Release|Any CPU
	EndGlobalSection
	GlobalSection(SolutionProperties) = preSolution
		HideSolutionNode = FALSE
	EndGlobalSection
	GlobalSection(NestedProjects) = preSolution
		{9533CDC0-3A72-4176-91DD-F2BD7BEFE796} = {A8358C4B-1ABA-445A-B2FE-0D03FC9AD70A}
		{5AECF7EC-E79B-482D-AE90-E5B061429E2E} = {9D07887F-56C5-48B9-9FDA-1FB19DA96CBE}
		{B9C040DC-BA84-4D51-BFD9-023F09557D4B} = {6165EAC8-F5A9-411C-8908-6BD30BC05CFE}
		{0381884D-37AD-4871-92C8-9B521D65779A} = {9D07887F-56C5-48B9-9FDA-1FB19DA96CBE}
		{BC4A8CB2-975C-46DE-B23D-26F6B36EF459} = {6165EAC8-F5A9-411C-8908-6BD30BC05CFE}
	EndGlobalSection
	GlobalSection(ExtensibilityGlobals) = postSolution
		SolutionGuid = {21D7BF88-7BAB-4831-9BFB-7765E59EBD6B}
	EndGlobalSection
EndGlobal
